{
  "nodes": {
    "nixpkgs": {
      "locked": {
        "lastModified": 1731257575,
        "narHash": "sha256-YeDhdOnBtYVJUbrJI1Jvvx3VeGgEpQyD5UglgBFpt1M=",
        "owner": "nixos",
        "repo": "nixpkgs",
        "rev": "799b1af3b445d3b0fd3d3ae417431cec1d73ee5b",
        "type": "github"
      },
      "original": {
        "owner": "nixos",
        "repo": "nixpkgs",
        "type": "github"
      }
    },
    "root": {
      "inputs": {
        "nixpkgs": "nixpkgs"
      }
    }
  },
  "root": "root",
  "version": 7
}
